
Microsoft Visual Studio Solution File, Format Version 12.00
# Visual Studio 15
VisualStudioVersion = 15.0.28010.2046
MinimumVisualStudioVersion = 10.0.40219.1
Project("{9A19103F-16F7-4668-BE54-9A1E7A4F7556}") = "WebAPI", "WebAPI\WebAPI.csproj", "{8A1C5823-7AF1-4C33-8E88-BE5C815BCAF9}"
EndProject
Project("{9A19103F-16F7-4668-BE54-9A1E7A4F7556}") = "Models", "Models\Models.csproj", "{8AD557DC-89B8-4FAE-9E00-8A8A35F2BAA5}"
EndProject
Project("{9A19103F-16F7-4668-BE54-9A1E7A4F7556}") = "Services", "Services\Services.csproj", "{0E9C4D38-53E7-48BE-BC0D-E931E756A329}"
EndProject
Project("{9A19103F-16F7-4668-BE54-9A1E7A4F7556}") = "Repositories", "Repositories\Repositories.csproj", "{26989404-FB25-4D05-909D-8B5E6BCC1526}"
EndProject
Project("{FAE04EC0-301F-11D3-BF4B-00C04F79EFBC}") = "ViewModels", "ViewModels\ViewModels.csproj", "{E6D5F7D9-A096-4B02-9A44-BF8897931D86}"
EndProject
Global
	GlobalSection(SolutionConfigurationPlatforms) = preSolution
		Debug|Any CPU = Debug|Any CPU
		Release|Any CPU = Release|Any CPU
	EndGlobalSection
	GlobalSection(ProjectConfigurationPlatforms) = postSolution
		{8A1C5823-7AF1-4C33-8E88-BE5C815BCAF9}.Debug|Any CPU.ActiveCfg = Debug|Any CPU
		{8A1C5823-7AF1-4C33-8E88-BE5C815BCAF9}.Debug|Any CPU.Build.0 = Debug|Any CPU
		{8A1C5823-7AF1-4C33-8E88-BE5C815BCAF9}.Release|Any CPU.ActiveCfg = Release|Any CPU
		{8A1C5823-7AF1-4C33-8E88-BE5C815BCAF9}.Release|Any CPU.Build.0 = Release|Any CPU
		{8AD557DC-89B8-4FAE-9E00-8A8A35F2BAA5}.Debug|Any CPU.ActiveCfg = Debug|Any CPU
		{8AD557DC-89B8-4FAE-9E00-8A8A35F2BAA5}.Debug|Any CPU.Build.0 = Debug|Any CPU
		{8AD557DC-89B8-4FAE-9E00-8A8A35F2BAA5}.Release|Any CPU.ActiveCfg = Release|Any CPU
		{8AD557DC-89B8-4FAE-9E00-8A8A35F2BAA5}.Release|Any CPU.Build.0 = Release|Any CPU
		{0E9C4D38-53E7-48BE-BC0D-E931E756A329}.Debug|Any CPU.ActiveCfg = Debug|Any CPU
		{0E9C4D38-53E7-48BE-BC0D-E931E756A329}.Debug|Any CPU.Build.0 = Debug|Any CPU
		{0E9C4D38-53E7-48BE-BC0D-E931E756A329}.Release|Any CPU.ActiveCfg = Release|Any CPU
		{0E9C4D38-53E7-48BE-BC0D-E931E756A329}.Release|Any CPU.Build.0 = Release|Any CPU
		{26989404-FB25-4D05-909D-8B5E6BCC1526}.Debug|Any CPU.ActiveCfg = Debug|Any CPU
		{26989404-FB25-4D05-909D-8B5E6BCC1526}.Debug|Any CPU.Build.0 = Debug|Any CPU
		{26989404-FB25-4D05-909D-8B5E6BCC1526}.Release|Any CPU.ActiveCfg = Release|Any CPU
		{26989404-FB25-4D05-909D-8B5E6BCC1526}.Release|Any CPU.Build.0 = Release|Any CPU
		{E6D5F7D9-A096-4B02-9A44-BF8897931D86}.Debug|Any CPU.ActiveCfg = Debug|Any CPU
		{E6D5F7D9-A096-4B02-9A44-BF8897931D86}.Debug|Any CPU.Build.0 = Debug|Any CPU
		{E6D5F7D9-A096-4B02-9A44-BF8897931D86}.Release|Any CPU.ActiveCfg = Release|Any CPU
		{E6D5F7D9-A096-4B02-9A44-BF8897931D86}.Release|Any CPU.Build.0 = Release|Any CPU
	EndGlobalSection
	GlobalSection(SolutionProperties) = preSolution
		HideSolutionNode = FALSE
	EndGlobalSection
	GlobalSection(ExtensibilityGlobals) = postSolution
		SolutionGuid = {044670D3-53FE-414F-8468-8B4C6DD6F95F}
	EndGlobalSection
EndGlobal
